
Microsoft Visual Studio Solution File, Format Version 12.00
# Visual Studio Version 17
VisualStudioVersion = 17.10.35122.118
MinimumVisualStudioVersion = 10.0.40219.1
Project("{FAE04EC0-301F-11D3-BF4B-00C04F79EFBC}") = "MathGame2", "MathGame2\MathGame2.csproj", "{A6D74DB0-CB4E-411F-88A2-52DDDC745E63}"
EndProject
Global
	GlobalSection(SolutionConfigurationPlatforms) = preSolution
		Debug|Any CPU = Debug|Any CPU
		Release|Any CPU = Release|Any CPU
	EndGlobalSection
	GlobalSection(ProjectConfigurationPlatforms) = postSolution
		{A6D74DB0-CB4E-411F-88A2-52DDDC745E63}.Debug|Any CPU.ActiveCfg = Debug|Any CPU
		{A6D74DB0-CB4E-411F-88A2-52DDDC745E63}.Debug|Any CPU.Build.0 = Debug|Any CPU
		{A6D74DB0-CB4E-411F-88A2-52DDDC745E63}.Release|Any CPU.ActiveCfg = Release|Any CPU
		{A6D74DB0-CB4E-411F-88A2-52DDDC745E63}.Release|Any CPU.Build.0 = Release|Any CPU
	EndGlobalSection
	GlobalSection(SolutionProperties) = preSolution
		HideSolutionNode = FALSE
	EndGlobalSection
	GlobalSection(ExtensibilityGlobals) = postSolution
		SolutionGuid = {3E458CDE-8C28-466D-A57E-924991CF1292}
	EndGlobalSection
EndGlobal
